{
	"name": "demo",
	"version": "1.0.0",
	"lockfileVersion": 3,
	"requires": true,
	"packages": {
		"": {
			"name": "demo",
			"version": "1.0.0",
			"license": "ISC",
			"dependencies": {
				"react": "^19.1.1",
				"@art-ws/package-base": "1.0.6"
			}
		},
		"node_modules/react": {
			"version": "19.1.1",
			"resolved": "https://registry.npmjs.org/react/-/react-19.1.1.tgz",
			"integrity": "sha512-w8nqGImo45dmMIfljjMwOGtbmC/mk4CMYhWIicdSflH91J9TyCyczcPFXJzrZ/ZXcgGRFeP6BU0BEJTw6tZdfQ==",
			"license": "MIT",
			"engines": {
				"node": ">=0.10.0"
			}
		},
		"node_modules/@art-ws/package-base": {
			"version": "1.0.6",
			"resolved": "https://registry.npmjs.org/@art-ws/package-base/-/package-base-1.0.6.tgz",
			"integrity": "sha512-w8nqGImo45dmMIfljjMwOGtbmC/mk4CMYhWIicdSflH91J9TyCyczcPFXJzrZ/ZXcgGRFeP6BU0BEJTw6tZdfQ==",
			"license": "ISC",
			"engines": {
				"node": ">=0.10.0"
			}
		},
		"@nativescript-community/ui-pulltorefresh": {
			"version": "2.5.4",
			"resolved": "https://registry.npmjs.org/@nativescript-community/ui-pulltorefresh/-/ui-pulltorefresh-2.5.4.tgz",
			"integrity": "sha512-w8nqGImo45dmMIfljjMwOGtbmC/mk4CMYhWIicdSflH91J9TyCyczcPFXJzrZ/ZXcgGRFeP6BU0BEJTw6tZdfQ==",
			"license": "ISC",
			"engines": {
				"node": ">=0.10.0"
			}
		},
		"@operato/pull-to-refresh": {
			"version": "9.0.35",
			"resolved": "https://registry.npmjs.org/@operato/pull-to-refresh/-/pull-to-refresh-9.0.35.tgz",
			"integrity": "sha512-w8nqGImo45dmMIfljjMwOGtbmC/mk4CMYhWIicdSflH91J9TyCyczcPFXJzrZ/ZXcgGRFeP6BU0BEJTw6tZdfQ==",
			"license": "ISC",
			"engines": {
				"node": ">=0.10.0"
			}
		},
		"node_modules/@operato/pull-to-refresh": {
			"version": "9.0.36",
			"resolved": "https://registry.npmjs.org/@operato/pull-to-refresh/-/pull-to-refresh-9.0.35.tgz",
			"integrity": "sha512-w8nqGImo45dmMIfljjMwOGtbmC/mk4CMYhWIicdSflH91J9TyCyczcPFXJzrZ/ZXcgGRFeP6BU0BEJTw6tZdfQ==",
			"license": "ISC",
			"engines": {
				"node": ">=0.10.0"
			}
		},
		"@operato/utils": {
			"version": "9.0.40",
			"resolved": "https://registry.npmjs.org/@operato/utils/-/utils-9.0.40.tgz",
			"integrity": "sha512-w8nqGImo45dmMIfljjMwOGtbmC/mk4CMYhWIicdSflH91J9TyCyczcPFXJzrZ/ZXcgGRFeP6BU0BEJTw6tZdfQ==",
			"license": "ISC",
			"engines": {
				"node": ">=0.10.0"
			}
		}
	}
}