# This file is generated by running "yarn install" inside your project.
# Manual changes might be lost - proceed with caution!

"@ahmedhfarag/ngx-perfect-scrollbar@20.0.20":
  version "20.0.20"
  resolved "https://registry.npmjs.org/@ahmedhfarag/ngx-perfect-scrollbar/-/ngx-perfect-scrollbar-20.0.20.tgz#sha512-test"
  integrity sha512-test

"@art-ws/common@2.0.28":
  version "2.0.28"
  resolved "https://registry.npmjs.org/@art-ws/common/-/common-2.0.28.tgz#sha512-test"
  integrity sha512-test

lodash@4.17.21:
  version "4.17.21"
  resolved "https://registry.npmjs.org/lodash/-/lodash-4.17.21.tgz#sha512-test"
  integrity sha512-test

safe-package@1.0.0:
  version "1.0.0"
  resolved "https://registry.npmjs.org/safe-package/-/safe-package-1.0.0.tgz#sha512-test"
  integrity sha512-test
